# THIS IS AN AUTOGENERATED FILE. DO NOT EDIT THIS FILE DIRECTLY.
# yarn lockfile v1


babel-plugin-dotenv-import@^2.1.0:
  version "2.1.0"
  resolved "https://registry.yarnpkg.com/babel-plugin-dotenv-import/-/babel-plugin-dotenv-import-2.1.0.tgz#5919df1a0d908e91b6a98d82ad12dc9d3a37ddec"
  integrity sha512-ZzCqXbp8uFnhu1lO3nBaWt+rOYpVIXSrY8DEC/oaalL6DHtYP26Ye4TpGcXxNlBD1vzOHTPHo7eNHUIseCoiwA==
  dependencies:
    dotenv "^8.0.0"

dotenv@^8.0.0:
  version "8.2.0"
  resolved "https://registry.yarnpkg.com/dotenv/-/dotenv-8.2.0.tgz#97e619259ada750eea3e4ea3e26bceea5424b16a"
  integrity sha512-8sJ78ElpbDJBHNeBzUbUVLsqKdccaa/BXF1uPTw3GrvQTBgrQrtObr2mUrE38vzYd8cEv+m/JBfDLioYcfXoaw==
